// !$*UTF8*$!
{
	archiveVersion = 1;
	classes = {
	};
	objectVersion = 46;
	objects = {

/* Begin PBXBuildFile section */
		DD984D901DACDBF2008B762D /* AppDelegate.swift in Sources */ = {isa = PBXBuildFile; fileRef = DD984D8F1DACDBF2008B762D /* AppDelegate.swift */; };
		DD984D921DACDBF2008B762D /* ViewController.swift in Sources */ = {isa = PBXBuildFile; fileRef = DD984D911DACDBF2008B762D /* ViewController.swift */; };
		DD984D951DACDBF2008B762D /* Main.storyboard in Resources */ = {isa = PBXBuildFile; fileRef = DD984D931DACDBF2008B762D /* Main.storyboard */; };
		DD984D981DACDBF2008B762D /* SpotifyApi.xcdatamodeld in Sources */ = {isa = PBXBuildFile; fileRef = DD984D961DACDBF2008B762D /* SpotifyApi.xcdatamodeld */; };
		DD984D9A1DACDBF2008B762D /* Assets.xcassets in Resources */ = {isa = PBXBuildFile; fileRef = DD984D991DACDBF2008B762D /* Assets.xcassets */; };
		DD984D9D1DACDBF2008B762D /* LaunchScreen.storyboard in Resources */ = {isa = PBXBuildFile; fileRef = DD984D9B1DACDBF2008B762D /* LaunchScreen.storyboard */; };
/* End PBXBuildFile section */

/* Begin PBXFileReference section */
		DD984D8C1DACDBF2008B762D /* SpotifyApi.app */ = {isa = PBXFileReference; explicitFileType = wrapper.application; includeInIndex = 0; path = SpotifyApi.app; sourceTree = BUILT_PRODUCTS_DIR; };
		DD984D8F1DACDBF2008B762D /* AppDelegate.swift */ = {isa = PBXFileReference; lastKnownFileType = sourcecode.swift; path = AppDelegate.swift; sourceTree = "<group>"; };
		DD984D911DACDBF2008B762D /* ViewController.swift */ = {isa = PBXFileReference; lastKnownFileType = sourcecode.swift; path = ViewController.swift; sourceTree = "<group>"; };
		DD984D941DACDBF2008B762D /* Base */ = {isa = PBXFileReference; lastKnownFileType = file.storyboard; name = Base; path = Base.lproj/Main.storyboard; sourceTree = "<group>"; };
		DD984D971DACDBF2008B762D /* SpotifyApi.xcdatamodel */ = {isa = PBXFileReference; lastKnownFileType = wrapper.xcdatamodel; path = SpotifyApi.xcdatamodel; sourceTree = "<group>"; };
		DD984D991DACDBF2008B762D /* Assets.xcassets */ = {isa = PBXFileReference; lastKnownFileType = folder.assetcatalog; path = Assets.xcassets; sourceTree = "<group>"; };
		DD984D9C1DACDBF2008B762D /* Base */ = {isa = PBXFileReference; lastKnownFileType = file.storyboard; name = Base; path = Base.lproj/LaunchScreen.storyboard; sourceTree = "<group>"; };
		DD984D9E1DACDBF2008B762D /* Info.plist */ = {isa = PBXFileReference; lastKnownFileType = text.plist.xml; path = Info.plist; sourceTree = "<group>"; };
/* End PBXFileReference section */

/* Begin PBXFrameworksBuildPhase section */
		DD984D891DACDBF2008B762D /* Frameworks */ = {
			isa = PBXFrameworksBuildPhase;
			buildActionMask = 2147483647;
			files = (
			);
			runOnlyForDeploymentPostprocessing = 0;
		};
/* End PBXFrameworksBuildPhase section */

/* Begin PBXGroup section */
		DD984D831DACDBF2008B762D = {
			isa = PBXGroup;
			children = (
				DD984D8E1DACDBF2008B762D /* SpotifyApi */,
				DD984D8D1DACDBF2008B762D /* Products */,
			);
			sourceTree = "<group>";
		};
		DD984D8D1DACDBF2008B762D /* Products */ = {
			isa = PBXGroup;
			children = (
				DD984D8C1DACDBF2008B762D /* SpotifyApi.app */,
			);
			name = Products;
			sourceTree = "<group>";
		};
		DD984D8E1DACDBF2008B762D /* SpotifyApi */ = {
			isa = PBXGroup;
			children = (
				DD984D8F1DACDBF2008B762D /* AppDelegate.swift */,
				DD984D911DACDBF2008B762D /* ViewController.swift */,
				DD984D931DACDBF2008B762D /* Main.storyboard */,
				DD984D991DACDBF2008B762D /* Assets.xcassets */,
				DD984D9B1DACDBF2008B762D /* LaunchScreen.storyboard */,
				DD984D9E1DACDBF2008B762D /* Info.plist */,
				DD984D961DACDBF2008B762D /* SpotifyApi.xcdatamodeld */,
			);
			path = SpotifyApi;
			sourceTree = "<group>";
		};
/* End PBXGroup section */

/* Begin PBXNativeTarget section */
		DD984D8B1DACDBF2008B762D /* SpotifyApi */ = {
			isa = PBXNativeTarget;
			buildConfigurationList = DD984DA11DACDBF2008B762D /* Build configuration list for PBXNativeTarget "SpotifyApi" */;
			buildPhases = (
				DD984D881DACDBF2008B762D /* Sources */,
				DD984D891DACDBF2008B762D /* Frameworks */,
				DD984D8A1DACDBF2008B762D /* Resources */,
			);
			buildRules = (
			);
			dependencies = (
			);
			name = SpotifyApi;
			productName = SpotifyApi;
			productReference = DD984D8C1DACDBF2008B762D /* SpotifyApi.app */;
			productType = "com.apple.product-type.application";
		};
/* End PBXNativeTarget section */

/* Begin PBXProject section */
		DD984D841DACDBF2008B762D /* Project object */ = {
			isa = PBXProject;
			attributes = {
				LastSwiftUpdateCheck = 0800;
				LastUpgradeCheck = 0800;
				ORGANIZATIONNAME = mobidev;
				TargetAttributes = {
					DD984D8B1DACDBF2008B762D = {
						CreatedOnToolsVersion = 8.0;
						ProvisioningStyle = Automatic;
					};
				};
			};
			buildConfigurationList = DD984D871DACDBF2008B762D /* Build configuration list for PBXProject "SpotifyApi" */;
			compatibilityVersion = "Xcode 3.2";
			developmentRegion = English;
			hasScannedForEncodings = 0;
			knownRegions = (
				en,
				Base,
			);
			mainGroup = DD984D831DACDBF2008B762D;
			productRefGroup = DD984D8D1DACDBF2008B762D /* Products */;
			projectDirPath = "";
			projectRoot = "";
			targets = (
				DD984D8B1DACDBF2008B762D /* SpotifyApi */,
			);
		};
/* End PBXProject section */

/* Begin PBXResourcesBuildPhase section */
		DD984D8A1DACDBF2008B762D /* Resources */ = {
			isa = PBXResourcesBuildPhase;
			buildActionMask = 2147483647;
			files = (
				DD984D9D1DACDBF2008B762D /* LaunchScreen.storyboard in Resources */,
				DD984D9A1DACDBF2008B762D /* Assets.xcassets in Resources */,
				DD984D951DACDBF2008B762D /* Main.storyboard in Resources */,
			);
			runOnlyForDeploymentPostprocessing = 0;
		};
/* End PBXResourcesBuildPhase section */

/* Begin PBXSourcesBuildPhase section */
		DD984D881DACDBF2008B762D /* Sources */ = {
			isa = PBXSourcesBuildPhase;
			buildActionMask = 2147483647;
			files = (
				DD984D921DACDBF2008B762D /* ViewController.swift in Sources */,
				DD984D981DACDBF2008B762D /* SpotifyApi.xcdatamodeld in Sources */,
				DD984D901DACDBF2008B762D /* AppDelegate.swift in Sources */,
			);
			runOnlyForDeploymentPostprocessing = 0;
		};
/* End PBXSourcesBuildPhase section */

/* Begin PBXVariantGroup section */
		DD984D931DACDBF2008B762D /* Main.storyboard */ = {
			isa = PBXVariantGroup;
			children = (
				DD984D941DACDBF2008B762D /* Base */,
			);
			name = Main.storyboard;
			sourceTree = "<group>";
		};
		DD984D9B1DACDBF2008B762D /* LaunchScreen.storyboard */ = {
			isa = PBXVariantGroup;
			children = (
				DD984D9C1DACDBF2008B762D /* Base */,
			);
			name = LaunchScreen.storyboard;
			sourceTree = "<group>";
		};
/* End PBXVariantGroup section */

/* Begin XCBuildConfiguration section */
		DD984D9F1DACDBF2008B762D /* Debug */ = {
			isa = XCBuildConfiguration;
			buildSettings = {
				ALWAYS_SEARCH_USER_PATHS = NO;
				CLANG_ANALYZER_NONNULL = YES;
				CLANG_CXX_LANGUAGE_STANDARD = "gnu++0x";
				CLANG_CXX_LIBRARY = "libc++";
				CLANG_ENABLE_MODULES = YES;
				CLANG_ENABLE_OBJC_ARC = YES;
				CLANG_WARN_BOOL_CONVERSION = YES;
				CLANG_WARN_CONSTANT_CONVERSION = YES;
				CLANG_WARN_DIRECT_OBJC_ISA_USAGE = YES_ERROR;
				CLANG_WARN_DOCUMENTATION_COMMENTS = YES;
				CLANG_WARN_EMPTY_BODY = YES;
				CLANG_WARN_ENUM_CONVERSION = YES;
				CLANG_WARN_INFINITE_RECURSION = YES;
				CLANG_WARN_INT_CONVERSION = YES;
				CLANG_WARN_OBJC_ROOT_CLASS = YES_ERROR;
				CLANG_WARN_SUSPICIOUS_MOVES = YES;
				CLANG_WARN_UNREACHABLE_CODE = YES;
				CLANG_WARN__DUPLICATE_METHOD_MATCH = YES;
				"CODE_SIGN_IDENTITY[sdk=iphoneos*]" = "iPhone Developer";
				COPY_PHASE_STRIP = NO;
				DEBUG_INFORMATION_FORMAT = dwarf;
				ENABLE_STRICT_OBJC_MSGSEND = YES;
				ENABLE_TESTABILITY = YES;
				GCC_C_LANGUAGE_STANDARD = gnu99;
				GCC_DYNAMIC_NO_PIC = NO;
				GCC_NO_COMMON_BLOCKS = YES;
				GCC_OPTIMIZATION_LEVEL = 0;
				GCC_PREPROCESSOR_DEFINITIONS = (
					"DEBUG=1",
					"$(inherited)",
				);
				GCC_WARN_64_TO_32_BIT_CONVERSION = YES;
				GCC_WARN_ABOUT_RETURN_TYPE = YES_ERROR;
				GCC_WARN_UNDECLARED_SELECTOR = YES;
				GCC_WARN_UNINITIALIZED_AUTOS = YES_AGGRESSIVE;
				GCC_WARN_UNUSED_FUNCTION = YES;
				GCC_WARN_UNUSED_VARIABLE = YES;
				IPHONEOS_DEPLOYMENT_TARGET = 10.0;
				MTL_ENABLE_DEBUG_INFO = YES;
				ONLY_ACTIVE_ARCH = YES;
				SDKROOT = iphoneos;
				SWIFT_ACTIVE_COMPILATION_CONDITIONS = DEBUG;
				SWIFT_OPTIMIZATION_LEVEL = "-Onone";
			};
			name = Debug;
		};
		DD984DA01DACDBF2008B762D /* Release */ = {
			isa = XCBuildConfiguration;
			buildSettings = {
				ALWAYS_SEARCH_USER_PATHS = NO;
				CLANG_ANALYZER_NONNULL = YES;
				CLANG_CXX_LANGUAGE_STANDARD = "gnu++0x";
				CLANG_CXX_LIBRARY = "libc++";
				CLANG_ENABLE_MODULES = YES;
				CLANG_ENABLE_OBJC_ARC = YES;
				CLANG_WARN_BOOL_CONVERSION = YES;
				CLANG_WARN_CONSTANT_CONVERSION = YES;
				CLANG_WARN_DIRECT_OBJC_ISA_USAGE = YES_ERROR;
				CLANG_WARN_DOCUMENTATION_COMMENTS = YES;
				CLANG_WARN_EMPTY_BODY = YES;
				CLANG_WARN_ENUM_CONVERSION = YES;
				CLANG_WARN_INFINITE_RECURSION = YES;
				CLANG_WARN_INT_CONVERSION = YES;
				CLANG_WARN_OBJC_ROOT_CLASS = YES_ERROR;
				CLANG_WARN_SUSPICIOUS_MOVES = YES;
				CLANG_WARN_UNREACHABLE_CODE = YES;
				CLANG_WARN__DUPLICATE_METHOD_MATCH = YES;
				"CODE_SIGN_IDENTITY[sdk=iphoneos*]" = "iPhone Developer";
				COPY_PHASE_STRIP = NO;
				DEBUG_INFORMATION_FORMAT = "dwarf-with-dsym";
				ENABLE_NS_ASSERTIONS = NO;
				ENABLE_STRICT_OBJC_MSGSEND = YES;
				GCC_C_LANGUAGE_STANDARD = gnu99;
				GCC_NO_COMMON_BLOCKS = YES;
				GCC_WARN_64_TO_32_BIT_CONVERSION = YES;
				GCC_WARN_ABOUT_RETURN_TYPE = YES_ERROR;
				GCC_WARN_UNDECLARED_SELECTOR = YES;
				GCC_WARN_UNINITIALIZED_AUTOS = YES_AGGRESSIVE;
				GCC_WARN_UNUSED_FUNCTION = YES;
				GCC_WARN_UNUSED_VARIABLE = YES;
				IPHONEOS_DEPLOYMENT_TARGET = 10.0;
				MTL_ENABLE_DEBUG_INFO = NO;
				SDKROOT = iphoneos;
				SWIFT_OPTIMIZATION_LEVEL = "-Owholemodule";
				VALIDATE_PRODUCT = YES;
			};
			name = Release;
		};
		DD984DA21DACDBF2008B762D /* Debug */ = {
			isa = XCBuildConfiguration;
			buildSettings = {
				ASSETCATALOG_COMPILER_APPICON_NAME = AppIcon;
				INFOPLIST_FILE = SpotifyApi/Info.plist;
				LD_RUNPATH_SEARCH_PATHS = "$(inherited) @executable_path/Frameworks";
				PRODUCT_BUNDLE_IDENTIFIER = mobidev.co.ke.SpotifyApi;
				PRODUCT_NAME = "$(TARGET_NAME)";
				SWIFT_VERSION = 3.0;
			};
			name = Debug;
		};
		DD984DA31DACDBF2008B762D /* Release */ = {
			isa = XCBuildConfiguration;
			buildSettings = {
				ASSETCATALOG_COMPILER_APPICON_NAME = AppIcon;
				INFOPLIST_FILE = SpotifyApi/Info.plist;
				LD_RUNPATH_SEARCH_PATHS = "$(inherited) @executable_path/Frameworks";
				PRODUCT_BUNDLE_IDENTIFIER = mobidev.co.ke.SpotifyApi;
				PRODUCT_NAME = "$(TARGET_NAME)";
				SWIFT_VERSION = 3.0;
			};
			name = Release;
		};
/* End XCBuildConfiguration section */

/* Begin XCConfigurationList section */
		DD984D871DACDBF2008B762D /* Build configuration list for PBXProject "SpotifyApi" */ = {
			isa = XCConfigurationList;
			buildConfigurations = (
				DD984D9F1DACDBF2008B762D /* Debug */,
				DD984DA01DACDBF2008B762D /* Release */,
			);
			defaultConfigurationIsVisible = 0;
			defaultConfigurationName = Release;
		};
		DD984DA11DACDBF2008B762D /* Build configuration list for PBXNativeTarget "SpotifyApi" */ = {
			isa = XCConfigurationList;
			buildConfigurations = (
				DD984DA21DACDBF2008B762D /* Debug */,
				DD984DA31DACDBF2008B762D /* Release */,
			);
			defaultConfigurationIsVisible = 0;
		};
/* End XCConfigurationList section */

/* Begin XCVersionGroup section */
		DD984D961DACDBF2008B762D /* SpotifyApi.xcdatamodeld */ = {
			isa = XCVersionGroup;
			children = (
				DD984D971DACDBF2008B762D /* SpotifyApi.xcdatamodel */,
			);
			currentVersion = DD984D971DACDBF2008B762D /* SpotifyApi.xcdatamodel */;
			path = SpotifyApi.xcdatamodeld;
			sourceTree = "<group>";
			versionGroupType = wrapper.xcdatamodel;
		};
/* End XCVersionGroup section */
	};
	rootObject = DD984D841DACDBF2008B762D /* Project object */;
}
